{
  "name": "the-real-stack",
  "lockfileVersion": 2,
  "requires": true,
  "packages": {
    "": {
      "devDependencies": {
        "oxlint": "^0.0.18"
      }
    },
    "node_modules/@oxlint/darwin-arm64": {
      "version": "0.0.18",
      "resolved": "https://registry.npmjs.org/@oxlint/darwin-arm64/-/darwin-arm64-0.0.18.tgz",
      "integrity": "sha512-ohBcRqZ8rgIXaUAqeMC6LM2A6ac2BExsRtgWTSSG7P466sSr2f3gkfuCRIey7jLRuGdYMK+5f0CL0VNcC0bl5Q==",
      "cpu": [
        "arm64"
      ],
      "dev": true,
      "optional": true,
      "os": [
        "darwin"
      ]
    },
    "node_modules/@oxlint/darwin-x64": {
      "version": "0.0.18",
      "resolved": "https://registry.npmjs.org/@oxlint/darwin-x64/-/darwin-x64-0.0.18.tgz",
      "integrity": "sha512-BBMVlHykfJosc+xqScgjmgAMYK7nvZHaK8T7vgjdMajxUn1107y8JT7AwJzsE/AJEXIBpb+JYk8zSUV4z+Q8rA==",
      "cpu": [
        "x64"
      ],
      "dev": true,
      "optional": true,
      "os": [
        "darwin"
      ]
    },
    "node_modules/@oxlint/linux-arm64": {
      "version": "0.0.18",
      "resolved": "https://registry.npmjs.org/@oxlint/linux-arm64/-/linux-arm64-0.0.18.tgz",
      "integrity": "sha512-oZy1xa8xLJZdk3RYOGUJpOodUOGqK78FosH74qY4/TG7Zsat6Lqxw9mnW2DpT47Srh+L6spEkDIDEeZkWLlRGA==",
      "cpu": [
        "arm64"
      ],
      "dev": true,
      "optional": true,
      "os": [
        "linux"
      ]
    },
    "node_modules/@oxlint/linux-x64": {
      "version": "0.0.18",
      "resolved": "https://registry.npmjs.org/@oxlint/linux-x64/-/linux-x64-0.0.18.tgz",
      "integrity": "sha512-5DSVCBskEJ/0S3eV9R4BXCI4Gjh2PdJTA2qC1WhcK5zDUOjkYxfeZ3/sx8LtfVmYENTZga8KKYJdgM9630UPIQ==",
      "cpu": [
        "x64"
      ],
      "dev": true,
      "optional": true,
      "os": [
        "linux"
      ]
    },
    "node_modules/@oxlint/win32-arm64": {
      "version": "0.0.18",
      "resolved": "https://registry.npmjs.org/@oxlint/win32-arm64/-/win32-arm64-0.0.18.tgz",
      "integrity": "sha512-qQsNAm3qTbsCHVo3iJ/hQrqYf1mHHOiWSCH8hNJygirXulT77ZynrGSA1wM4JO4NMWaAeN61bsc+icszvrHTXw==",
      "cpu": [
        "arm64"
      ],
      "dev": true,
      "optional": true,
      "os": [
        "win32"
      ]
    },
    "node_modules/@oxlint/win32-x64": {
      "version": "0.0.18",
      "resolved": "https://registry.npmjs.org/@oxlint/win32-x64/-/win32-x64-0.0.18.tgz",
      "integrity": "sha512-EgLEyLzM7OmnmxcNUK33Uk2jR+HSn7JC+qe1er0dwIFX8Pd+Eg6s4RzJWcVeUehPhOcM8rPlavTU/aFPNxBzRQ==",
      "cpu": [
        "x64"
      ],
      "dev": true,
      "optional": true,
      "os": [
        "win32"
      ]
    },
    "node_modules/oxlint": {
      "version": "0.0.18",
      "resolved": "https://registry.npmjs.org/oxlint/-/oxlint-0.0.18.tgz",
      "integrity": "sha512-mqvB2Hkk56/m2/o2FFbie0jD5OWeJiXhTJvZHpllJzoq/hjnGuFn58kH1Um6QNOu44j6k++PO0dRtnLYYswF0w==",
      "dev": true,
      "bin": {
        "oxlint": "bin/oxlint"
      },
      "engines": {
        "node": ">=14.*"
      },
      "funding": {
        "url": "https://github.com/sponsors/Boshen"
      },
      "optionalDependencies": {
        "@oxlint/darwin-arm64": "0.0.18",
        "@oxlint/darwin-x64": "0.0.18",
        "@oxlint/linux-arm64": "0.0.18",
        "@oxlint/linux-x64": "0.0.18",
        "@oxlint/win32-arm64": "0.0.18",
        "@oxlint/win32-x64": "0.0.18"
      }
    }
  },
  "dependencies": {
    "@oxlint/darwin-arm64": {
      "version": "0.0.18",
      "resolved": "https://registry.npmjs.org/@oxlint/darwin-arm64/-/darwin-arm64-0.0.18.tgz",
      "integrity": "sha512-ohBcRqZ8rgIXaUAqeMC6LM2A6ac2BExsRtgWTSSG7P466sSr2f3gkfuCRIey7jLRuGdYMK+5f0CL0VNcC0bl5Q==",
      "dev": true,
      "optional": true
    },
    "@oxlint/darwin-x64": {
      "version": "0.0.18",
      "resolved": "https://registry.npmjs.org/@oxlint/darwin-x64/-/darwin-x64-0.0.18.tgz",
      "integrity": "sha512-BBMVlHykfJosc+xqScgjmgAMYK7nvZHaK8T7vgjdMajxUn1107y8JT7AwJzsE/AJEXIBpb+JYk8zSUV4z+Q8rA==",
      "dev": true,
      "optional": true
    },
    "@oxlint/linux-arm64": {
      "version": "0.0.18",
      "resolved": "https://registry.npmjs.org/@oxlint/linux-arm64/-/linux-arm64-0.0.18.tgz",
      "integrity": "sha512-oZy1xa8xLJZdk3RYOGUJpOodUOGqK78FosH74qY4/TG7Zsat6Lqxw9mnW2DpT47Srh+L6spEkDIDEeZkWLlRGA==",
      "dev": true,
      "optional": true
    },
    "@oxlint/linux-x64": {
      "version": "0.0.18",
      "resolved": "https://registry.npmjs.org/@oxlint/linux-x64/-/linux-x64-0.0.18.tgz",
      "integrity": "sha512-5DSVCBskEJ/0S3eV9R4BXCI4Gjh2PdJTA2qC1WhcK5zDUOjkYxfeZ3/sx8LtfVmYENTZga8KKYJdgM9630UPIQ==",
      "dev": true,
      "optional": true
    },
    "@oxlint/win32-arm64": {
      "version": "0.0.18",
      "resolved": "https://registry.npmjs.org/@oxlint/win32-arm64/-/win32-arm64-0.0.18.tgz",
      "integrity": "sha512-qQsNAm3qTbsCHVo3iJ/hQrqYf1mHHOiWSCH8hNJygirXulT77ZynrGSA1wM4JO4NMWaAeN61bsc+icszvrHTXw==",
      "dev": true,
      "optional": true
    },
    "@oxlint/win32-x64": {
      "version": "0.0.18",
      "resolved": "https://registry.npmjs.org/@oxlint/win32-x64/-/win32-x64-0.0.18.tgz",
      "integrity": "sha512-EgLEyLzM7OmnmxcNUK33Uk2jR+HSn7JC+qe1er0dwIFX8Pd+Eg6s4RzJWcVeUehPhOcM8rPlavTU/aFPNxBzRQ==",
      "dev": true,
      "optional": true
    },
    "oxlint": {
      "version": "0.0.18",
      "resolved": "https://registry.npmjs.org/oxlint/-/oxlint-0.0.18.tgz",
      "integrity": "sha512-mqvB2Hkk56/m2/o2FFbie0jD5OWeJiXhTJvZHpllJzoq/hjnGuFn58kH1Um6QNOu44j6k++PO0dRtnLYYswF0w==",
      "dev": true,
      "requires": {
        "@oxlint/darwin-arm64": "0.0.18",
        "@oxlint/darwin-x64": "0.0.18",
        "@oxlint/linux-arm64": "0.0.18",
        "@oxlint/linux-x64": "0.0.18",
        "@oxlint/win32-arm64": "0.0.18",
        "@oxlint/win32-x64": "0.0.18"
      }
    }
  }
}
